
Microsoft Visual Studio Solution File, Format Version 12.00
# Visual Studio Version 16
VisualStudioVersion = 16.0.30717.126
MinimumVisualStudioVersion = 10.0.40219.1
Project("{9A19103F-16F7-4668-BE54-9A1E7A4F7556}") = "Figures.Api", "Figures.Api\Figures.Api.csproj", "{0F27FEE4-D084-4A39-8D13-19D3074BE6B6}"
EndProject
Project("{FAE04EC0-301F-11D3-BF4B-00C04F79EFBC}") = "Figures.Contracts", "Figures.Contracts\Figures.Contracts.csproj", "{E88FF469-9D01-4A5C-A39D-B946986F5A47}"
EndProject
Project("{FAE04EC0-301F-11D3-BF4B-00C04F79EFBC}") = "Figures.Db", "Figures.Db\Figures.Db.csproj", "{C01EDE97-735B-44E3-A027-7C1CFB21342F}"
EndProject
Project("{FAE04EC0-301F-11D3-BF4B-00C04F79EFBC}") = "Figures.Tests", "Figures.Tests\Figures.Tests.csproj", "{E50C26FA-6FE5-4D55-B8D4-E25EFDA962C5}"
EndProject
Project("{FAE04EC0-301F-11D3-BF4B-00C04F79EFBC}") = "Figures.Math", "Figures.Math\Figures.Math.csproj", "{C3656183-B78D-407B-B5E2-933CBF5E3904}"
EndProject
Global
	GlobalSection(SolutionConfigurationPlatforms) = preSolution
		Debug|Any CPU = Debug|Any CPU
		Release|Any CPU = Release|Any CPU
	EndGlobalSection
	GlobalSection(ProjectConfigurationPlatforms) = postSolution
		{0F27FEE4-D084-4A39-8D13-19D3074BE6B6}.Debug|Any CPU.ActiveCfg = Debug|Any CPU
		{0F27FEE4-D084-4A39-8D13-19D3074BE6B6}.Debug|Any CPU.Build.0 = Debug|Any CPU
		{0F27FEE4-D084-4A39-8D13-19D3074BE6B6}.Release|Any CPU.ActiveCfg = Release|Any CPU
		{0F27FEE4-D084-4A39-8D13-19D3074BE6B6}.Release|Any CPU.Build.0 = Release|Any CPU
		{E88FF469-9D01-4A5C-A39D-B946986F5A47}.Debug|Any CPU.ActiveCfg = Debug|Any CPU
		{E88FF469-9D01-4A5C-A39D-B946986F5A47}.Debug|Any CPU.Build.0 = Debug|Any CPU
		{E88FF469-9D01-4A5C-A39D-B946986F5A47}.Release|Any CPU.ActiveCfg = Release|Any CPU
		{E88FF469-9D01-4A5C-A39D-B946986F5A47}.Release|Any CPU.Build.0 = Release|Any CPU
		{C01EDE97-735B-44E3-A027-7C1CFB21342F}.Debug|Any CPU.ActiveCfg = Debug|Any CPU
		{C01EDE97-735B-44E3-A027-7C1CFB21342F}.Debug|Any CPU.Build.0 = Debug|Any CPU
		{C01EDE97-735B-44E3-A027-7C1CFB21342F}.Release|Any CPU.ActiveCfg = Release|Any CPU
		{C01EDE97-735B-44E3-A027-7C1CFB21342F}.Release|Any CPU.Build.0 = Release|Any CPU
		{E50C26FA-6FE5-4D55-B8D4-E25EFDA962C5}.Debug|Any CPU.ActiveCfg = Debug|Any CPU
		{E50C26FA-6FE5-4D55-B8D4-E25EFDA962C5}.Debug|Any CPU.Build.0 = Debug|Any CPU
		{E50C26FA-6FE5-4D55-B8D4-E25EFDA962C5}.Release|Any CPU.ActiveCfg = Release|Any CPU
		{E50C26FA-6FE5-4D55-B8D4-E25EFDA962C5}.Release|Any CPU.Build.0 = Release|Any CPU
		{C3656183-B78D-407B-B5E2-933CBF5E3904}.Debug|Any CPU.ActiveCfg = Debug|Any CPU
		{C3656183-B78D-407B-B5E2-933CBF5E3904}.Debug|Any CPU.Build.0 = Debug|Any CPU
		{C3656183-B78D-407B-B5E2-933CBF5E3904}.Release|Any CPU.ActiveCfg = Release|Any CPU
		{C3656183-B78D-407B-B5E2-933CBF5E3904}.Release|Any CPU.Build.0 = Release|Any CPU
	EndGlobalSection
	GlobalSection(SolutionProperties) = preSolution
		HideSolutionNode = FALSE
	EndGlobalSection
	GlobalSection(ExtensibilityGlobals) = postSolution
		SolutionGuid = {7BB03F11-FC21-459D-A49D-8FA986769FC2}
	EndGlobalSection
EndGlobal
